
Microsoft Visual Studio Solution File, Format Version 12.00
# Visual Studio 15
VisualStudioVersion = 15.0.27703.2042
MinimumVisualStudioVersion = 10.0.40219.1
Project("{9A19103F-16F7-4668-BE54-9A1E7A4F7556}") = "AVA", "AVA\AVA.csproj", "{E11AA550-8A43-4A41-A4D3-1A19E41A5B04}"
	ProjectSection(ProjectDependencies) = postProject
		{576A1018-BCAF-45A6-85FC-E257E79B1F14} = {576A1018-BCAF-45A6-85FC-E257E79B1F14}
		{2B09A575-F4D1-4C0D-B6E9-401BBFA23DC8} = {2B09A575-F4D1-4C0D-B6E9-401BBFA23DC8}
		{6B31A47F-D9EB-470E-A257-3A1E06E81C8F} = {6B31A47F-D9EB-470E-A257-3A1E06E81C8F}
		{7EB6AEB4-5CBD-4774-9FA9-19389B59C8D8} = {7EB6AEB4-5CBD-4774-9FA9-19389B59C8D8}
		{AC68D0C2-E88A-4E6E-B80F-32296E25D9B6} = {AC68D0C2-E88A-4E6E-B80F-32296E25D9B6}
	EndProjectSection
EndProject
Project("{9A19103F-16F7-4668-BE54-9A1E7A4F7556}") = "MUI.Win32", "MUI.Win32\MUI.Win32.csproj", "{54E88EB7-315D-4D99-97BD-8C012A0CA196}"
EndProject
Project("{9A19103F-16F7-4668-BE54-9A1E7A4F7556}") = "MUI", "MUI\MUI.csproj", "{C0ADF8A3-CEB9-461B-8C5E-5C9D7C8BC8A8}"
EndProject
Project("{9A19103F-16F7-4668-BE54-9A1E7A4F7556}") = "MUI.Scripting", "MUI.Scripting\MUI.Scripting.csproj", "{7EB6AEB4-5CBD-4774-9FA9-19389B59C8D8}"
EndProject
Project("{9A19103F-16F7-4668-BE54-9A1E7A4F7556}") = "AVA.Indexing", "AVA.Indexing\AVA.Indexing.csproj", "{BE5CA627-E6D0-455C-81C1-463427D1D537}"
EndProject
Project("{9A19103F-16F7-4668-BE54-9A1E7A4F7556}") = "AVA.Plugins", "AVA.Plugins\AVA.Plugins.csproj", "{2B09A575-F4D1-4C0D-B6E9-401BBFA23DC8}"
EndProject
Project("{9A19103F-16F7-4668-BE54-9A1E7A4F7556}") = "AVA.Core", "AVA.Core\AVA.Core.csproj", "{63A0589F-15B2-44BC-92BC-DDF4A8A8FD0E}"
EndProject
Project("{9A19103F-16F7-4668-BE54-9A1E7A4F7556}") = "AVA.Plugins.FirefoxBookmarks", "AVA.Plugins.FirefoxBookmarks\AVA.Plugins.FirefoxBookmarks.csproj", "{AC68D0C2-E88A-4E6E-B80F-32296E25D9B6}"
EndProject
Project("{9A19103F-16F7-4668-BE54-9A1E7A4F7556}") = "AVA.Plugins.Time", "AVA.Plugins.Time\AVA.Plugins.Time.csproj", "{576A1018-BCAF-45A6-85FC-E257E79B1F14}"
EndProject
Project("{9A19103F-16F7-4668-BE54-9A1E7A4F7556}") = "AVA.Plugins.UnitConverter", "AVA.Plugins.UnitConverter\AVA.Plugins.UnitConverter.csproj", "{6B31A47F-D9EB-470E-A257-3A1E06E81C8F}"
EndProject
Project("{9A19103F-16F7-4668-BE54-9A1E7A4F7556}") = "AVA.Plugins.Clipboard", "AVA.Plugins.Clipboard\AVA.Plugins.Clipboard.csproj", "{F34A7351-C8AA-4B35-9C29-A7E11206F43B}"
EndProject
Global
	GlobalSection(SolutionConfigurationPlatforms) = preSolution
		Debug|Any CPU = Debug|Any CPU
		Release|Any CPU = Release|Any CPU
	EndGlobalSection
	GlobalSection(ProjectConfigurationPlatforms) = postSolution
		{E11AA550-8A43-4A41-A4D3-1A19E41A5B04}.Debug|Any CPU.ActiveCfg = Debug|Any CPU
		{E11AA550-8A43-4A41-A4D3-1A19E41A5B04}.Debug|Any CPU.Build.0 = Debug|Any CPU
		{E11AA550-8A43-4A41-A4D3-1A19E41A5B04}.Release|Any CPU.ActiveCfg = Release|Any CPU
		{E11AA550-8A43-4A41-A4D3-1A19E41A5B04}.Release|Any CPU.Build.0 = Release|Any CPU
		{54E88EB7-315D-4D99-97BD-8C012A0CA196}.Debug|Any CPU.ActiveCfg = Debug|Any CPU
		{54E88EB7-315D-4D99-97BD-8C012A0CA196}.Debug|Any CPU.Build.0 = Debug|Any CPU
		{54E88EB7-315D-4D99-97BD-8C012A0CA196}.Release|Any CPU.ActiveCfg = Release|Any CPU
		{54E88EB7-315D-4D99-97BD-8C012A0CA196}.Release|Any CPU.Build.0 = Release|Any CPU
		{C0ADF8A3-CEB9-461B-8C5E-5C9D7C8BC8A8}.Debug|Any CPU.ActiveCfg = Debug|Any CPU
		{C0ADF8A3-CEB9-461B-8C5E-5C9D7C8BC8A8}.Debug|Any CPU.Build.0 = Debug|Any CPU
		{C0ADF8A3-CEB9-461B-8C5E-5C9D7C8BC8A8}.Release|Any CPU.ActiveCfg = Release|Any CPU
		{C0ADF8A3-CEB9-461B-8C5E-5C9D7C8BC8A8}.Release|Any CPU.Build.0 = Release|Any CPU
		{7EB6AEB4-5CBD-4774-9FA9-19389B59C8D8}.Debug|Any CPU.ActiveCfg = Debug|Any CPU
		{7EB6AEB4-5CBD-4774-9FA9-19389B59C8D8}.Debug|Any CPU.Build.0 = Debug|Any CPU
		{7EB6AEB4-5CBD-4774-9FA9-19389B59C8D8}.Release|Any CPU.ActiveCfg = Release|Any CPU
		{7EB6AEB4-5CBD-4774-9FA9-19389B59C8D8}.Release|Any CPU.Build.0 = Release|Any CPU
		{BE5CA627-E6D0-455C-81C1-463427D1D537}.Debug|Any CPU.ActiveCfg = Debug|Any CPU
		{BE5CA627-E6D0-455C-81C1-463427D1D537}.Debug|Any CPU.Build.0 = Debug|Any CPU
		{BE5CA627-E6D0-455C-81C1-463427D1D537}.Release|Any CPU.ActiveCfg = Release|Any CPU
		{BE5CA627-E6D0-455C-81C1-463427D1D537}.Release|Any CPU.Build.0 = Release|Any CPU
		{2B09A575-F4D1-4C0D-B6E9-401BBFA23DC8}.Debug|Any CPU.ActiveCfg = Debug|Any CPU
		{2B09A575-F4D1-4C0D-B6E9-401BBFA23DC8}.Debug|Any CPU.Build.0 = Debug|Any CPU
		{2B09A575-F4D1-4C0D-B6E9-401BBFA23DC8}.Release|Any CPU.ActiveCfg = Release|Any CPU
		{2B09A575-F4D1-4C0D-B6E9-401BBFA23DC8}.Release|Any CPU.Build.0 = Release|Any CPU
		{63A0589F-15B2-44BC-92BC-DDF4A8A8FD0E}.Debug|Any CPU.ActiveCfg = Debug|Any CPU
		{63A0589F-15B2-44BC-92BC-DDF4A8A8FD0E}.Debug|Any CPU.Build.0 = Debug|Any CPU
		{63A0589F-15B2-44BC-92BC-DDF4A8A8FD0E}.Release|Any CPU.ActiveCfg = Release|Any CPU
		{63A0589F-15B2-44BC-92BC-DDF4A8A8FD0E}.Release|Any CPU.Build.0 = Release|Any CPU
		{AC68D0C2-E88A-4E6E-B80F-32296E25D9B6}.Debug|Any CPU.ActiveCfg = Debug|Any CPU
		{AC68D0C2-E88A-4E6E-B80F-32296E25D9B6}.Debug|Any CPU.Build.0 = Debug|Any CPU
		{AC68D0C2-E88A-4E6E-B80F-32296E25D9B6}.Release|Any CPU.ActiveCfg = Release|Any CPU
		{AC68D0C2-E88A-4E6E-B80F-32296E25D9B6}.Release|Any CPU.Build.0 = Release|Any CPU
		{576A1018-BCAF-45A6-85FC-E257E79B1F14}.Debug|Any CPU.ActiveCfg = Debug|Any CPU
		{576A1018-BCAF-45A6-85FC-E257E79B1F14}.Debug|Any CPU.Build.0 = Debug|Any CPU
		{576A1018-BCAF-45A6-85FC-E257E79B1F14}.Release|Any CPU.ActiveCfg = Release|Any CPU
		{576A1018-BCAF-45A6-85FC-E257E79B1F14}.Release|Any CPU.Build.0 = Release|Any CPU
		{6B31A47F-D9EB-470E-A257-3A1E06E81C8F}.Debug|Any CPU.ActiveCfg = Debug|Any CPU
		{6B31A47F-D9EB-470E-A257-3A1E06E81C8F}.Debug|Any CPU.Build.0 = Debug|Any CPU
		{6B31A47F-D9EB-470E-A257-3A1E06E81C8F}.Release|Any CPU.ActiveCfg = Release|Any CPU
		{6B31A47F-D9EB-470E-A257-3A1E06E81C8F}.Release|Any CPU.Build.0 = Release|Any CPU
		{F34A7351-C8AA-4B35-9C29-A7E11206F43B}.Debug|Any CPU.ActiveCfg = Debug|Any CPU
		{F34A7351-C8AA-4B35-9C29-A7E11206F43B}.Debug|Any CPU.Build.0 = Debug|Any CPU
		{F34A7351-C8AA-4B35-9C29-A7E11206F43B}.Release|Any CPU.ActiveCfg = Release|Any CPU
		{F34A7351-C8AA-4B35-9C29-A7E11206F43B}.Release|Any CPU.Build.0 = Release|Any CPU
	EndGlobalSection
	GlobalSection(SolutionProperties) = preSolution
		HideSolutionNode = FALSE
	EndGlobalSection
	GlobalSection(ExtensibilityGlobals) = postSolution
		SolutionGuid = {C40AE0A9-5DDF-47D0-9D5C-FE962C0BEECD}
	EndGlobalSection
EndGlobal
