
Microsoft Visual Studio Solution File, Format Version 12.00
# Visual Studio Version 16
VisualStudioVersion = 16.0.28803.156
MinimumVisualStudioVersion = 10.0.40219.1
Project("{9A19103F-16F7-4668-BE54-9A1E7A4F7556}") = "AVA", "AVA\AVA.csproj", "{E11AA550-8A43-4A41-A4D3-1A19E41A5B04}"
EndProject
Project("{9A19103F-16F7-4668-BE54-9A1E7A4F7556}") = "MUI", "MUI\MUI.csproj", "{C0ADF8A3-CEB9-461B-8C5E-5C9D7C8BC8A8}"
EndProject
Project("{9A19103F-16F7-4668-BE54-9A1E7A4F7556}") = "AVA.Core", "AVA.Core\AVA.Core.csproj", "{63A0589F-15B2-44BC-92BC-DDF4A8A8FD0E}"
EndProject
Project("{9A19103F-16F7-4668-BE54-9A1E7A4F7556}") = "AVA.Plugin.Indexer.MsSettings", "AVA.Plugin.Indexer.MsSettings\AVA.Plugin.Indexer.MsSettings.csproj", "{9BA69607-B60E-43E2-900B-757D9D6B3B99}"
EndProject
Project("{9A19103F-16F7-4668-BE54-9A1E7A4F7556}") = "AVA.Plugin.Indexer.Macros", "AVA.Plugin.Indexer.Macros\AVA.Plugin.Indexer.Macros.csproj", "{00009BE6-60EA-4E70-9099-11052ED741CB}"
EndProject
Project("{9A19103F-16F7-4668-BE54-9A1E7A4F7556}") = "AVA.Plugin.Calculator", "AVA.Plugin.Calculator\AVA.Plugin.Calculator.csproj", "{135B6A8E-A1FF-4099-A583-9E29E8B6681B}"
EndProject
Project("{9A19103F-16F7-4668-BE54-9A1E7A4F7556}") = "AVA.Plugin.ClipboardHistory", "AVA.Plugin.ClipboardHistory\AVA.Plugin.ClipboardHistory.csproj", "{34F051A8-E92D-44E7-9580-7625566BA19B}"
EndProject
Project("{9A19103F-16F7-4668-BE54-9A1E7A4F7556}") = "AVA.Plugin.EnvironmentVariables", "AVA.Plugin.EnvironmentVariables\AVA.Plugin.EnvironmentVariables.csproj", "{53461912-9496-414C-A45C-E7517A9438A9}"
EndProject
Project("{9A19103F-16F7-4668-BE54-9A1E7A4F7556}") = "AVA.Plugin.FileSystemBrowser", "AVA.Plugin.FileSystemBrowser\AVA.Plugin.FileSystemBrowser.csproj", "{4479E94A-AE26-4195-9257-A98CCC1DFEA8}"
EndProject
Project("{9A19103F-16F7-4668-BE54-9A1E7A4F7556}") = "AVA.Plugin.Footer", "AVA.Plugin.Footer\AVA.Plugin.Footer.csproj", "{2A661674-0C17-4738-A049-FB42BB6DECD8}"
EndProject
Project("{9A19103F-16F7-4668-BE54-9A1E7A4F7556}") = "AVA.Plugin.Help", "AVA.Plugin.Help\AVA.Plugin.Help.csproj", "{038A24C6-1640-4FE6-8201-213F2E82A0C2}"
EndProject
Project("{9A19103F-16F7-4668-BE54-9A1E7A4F7556}") = "AVA.Plugin.Indexer.ControlPanel", "AVA.Plugin.Indexer.ControlPanel\AVA.Plugin.Indexer.ControlPanel.csproj", "{782FBF0F-08D2-4FFF-B0D3-CF3859C87095}"
EndProject
Project("{9A19103F-16F7-4668-BE54-9A1E7A4F7556}") = "AVA.Plugin.Indexer.FileSystem", "AVA.Plugin.Indexer.FileSystem\AVA.Plugin.Indexer.FileSystem.csproj", "{5F69328D-3151-41A5-B34E-7B367898C3C9}"
EndProject
Project("{9A19103F-16F7-4668-BE54-9A1E7A4F7556}") = "AVA.Plugin.Indexer.UWP", "AVA.Plugin.Indexer.UWP\AVA.Plugin.Indexer.UWP.csproj", "{A7D29D4B-FCA5-4875-A40B-7ED8D2CDD339}"
EndProject
Project("{9A19103F-16F7-4668-BE54-9A1E7A4F7556}") = "AVA.Plugin.NoResults", "AVA.Plugin.NoResults\AVA.Plugin.NoResults.csproj", "{93CA1A6A-E1AE-4AC8-BE9F-D56AAD559518}"
EndProject
Project("{9A19103F-16F7-4668-BE54-9A1E7A4F7556}") = "AVA.Plugin.Settings", "AVA.Plugin.Settings\AVA.Plugin.Settings.csproj", "{5823DC4C-EC36-4465-8057-614F0DE4CBAB}"
EndProject
Project("{9A19103F-16F7-4668-BE54-9A1E7A4F7556}") = "AVA.Plugin.Shell", "AVA.Plugin.Shell\AVA.Plugin.Shell.csproj", "{A4F4FA89-B646-4054-A2E9-4F6EF8B35BEF}"
EndProject
Project("{9A19103F-16F7-4668-BE54-9A1E7A4F7556}") = "AVA.Plugin.Spotify", "AVA.Plugin.Spotify\AVA.Plugin.Spotify.csproj", "{D8CFDF66-0851-4FE5-A6D9-55B28098C1F9}"
EndProject
Project("{9A19103F-16F7-4668-BE54-9A1E7A4F7556}") = "AVA.Plugin.Tests", "AVA.Plugin.Tests\AVA.Plugin.Tests.csproj", "{2CD13083-B6BD-4A23-A72D-EC3A1104DD0A}"
EndProject
Project("{9A19103F-16F7-4668-BE54-9A1E7A4F7556}") = "AVA.Plugin.Uri", "AVA.Plugin.Uri\AVA.Plugin.Uri.csproj", "{CC8ACC7E-DB73-44C2-92E6-EE79FB739BF3}"
EndProject
Project("{9A19103F-16F7-4668-BE54-9A1E7A4F7556}") = "AVA.Plugin.WebQuery", "AVA.Plugin.WebQuery\AVA.Plugin.WebQuery.csproj", "{394BF769-F534-4DE7-8324-E08FBA921E08}"
EndProject
Project("{9A19103F-16F7-4668-BE54-9A1E7A4F7556}") = "AVA.Plugin.FirefoxBookmarks", "AVA.Plugin.FirefoxBookmarks\AVA.Plugin.FirefoxBookmarks.csproj", "{18E3758C-3CF0-4D4E-9469-8255ADD9DC48}"
EndProject
Project("{9A19103F-16F7-4668-BE54-9A1E7A4F7556}") = "AVA.Plugin.UnitConverter", "AVA.Plugin.UnitConverter\AVA.Plugin.UnitConverter.csproj", "{D6E53FA5-15BF-4814-B3A9-DE8FD3EA630B}"
EndProject
Project("{9A19103F-16F7-4668-BE54-9A1E7A4F7556}") = "AVA.Plugin.Time", "AVA.Plugin.Time\AVA.Plugin.Time.csproj", "{D412843D-C381-4280-8223-8D098087C253}"
EndProject
Project("{9A19103F-16F7-4668-BE54-9A1E7A4F7556}") = "AVA.Plugin.IndexerQuery", "AVA.Plugin.IndexerQuery\AVA.Plugin.IndexerQuery.csproj", "{8FAAFE94-EBEA-457D-899F-798C313AF0D0}"
EndProject
Project("{9A19103F-16F7-4668-BE54-9A1E7A4F7556}") = "AVA.Plugin.Indexer", "AVA.Plugin.Indexer\AVA.Plugin.Indexer.csproj", "{6C0E915E-B018-471B-812A-37B1CD9983E8}"
EndProject
Project("{2150E333-8FDC-42A3-9474-1A3956D46DE8}") = "03-Indexer", "03-Indexer", "{5B8FF521-07B7-4075-8182-E375E8F2A9C2}"
EndProject
Project("{2150E333-8FDC-42A3-9474-1A3956D46DE8}") = "04-Plugins", "04-Plugins", "{64FF7DD8-BC05-4316-8E0B-514666541477}"
EndProject
Project("{2150E333-8FDC-42A3-9474-1A3956D46DE8}") = "02-Core", "02-Core", "{DD2BBC17-5D9F-4D97-8BDD-ECB56FEC7966}"
EndProject
Project("{2150E333-8FDC-42A3-9474-1A3956D46DE8}") = "00-Build", "00-Build", "{D8F13658-66A7-421E-9FDE-B82C48FC8A2C}"
	ProjectSection(SolutionItems) = preProject
		..\appveyor.yml = ..\appveyor.yml
		..\build.cake = ..\build.cake
		..\build.ps1 = ..\build.ps1
		..\Directory.Build.props = ..\Directory.Build.props
		..\README.md = ..\README.md
	EndProjectSection
EndProject
Project("{2150E333-8FDC-42A3-9474-1A3956D46DE8}") = "01-MUI", "01-MUI", "{1ACDAEB2-0336-4961-8E64-01F603676EBF}"
EndProject
Global
	GlobalSection(SolutionConfigurationPlatforms) = preSolution
		Debug|Any CPU = Debug|Any CPU
		Debug|x64 = Debug|x64
		Release|Any CPU = Release|Any CPU
		Release|x64 = Release|x64
	EndGlobalSection
	GlobalSection(ProjectConfigurationPlatforms) = postSolution
		{E11AA550-8A43-4A41-A4D3-1A19E41A5B04}.Debug|Any CPU.ActiveCfg = Debug|x64
		{E11AA550-8A43-4A41-A4D3-1A19E41A5B04}.Debug|x64.ActiveCfg = Debug|x64
		{E11AA550-8A43-4A41-A4D3-1A19E41A5B04}.Debug|x64.Build.0 = Debug|x64
		{E11AA550-8A43-4A41-A4D3-1A19E41A5B04}.Release|Any CPU.ActiveCfg = Release|x64
		{E11AA550-8A43-4A41-A4D3-1A19E41A5B04}.Release|x64.ActiveCfg = Release|x64
		{E11AA550-8A43-4A41-A4D3-1A19E41A5B04}.Release|x64.Build.0 = Release|x64
		{C0ADF8A3-CEB9-461B-8C5E-5C9D7C8BC8A8}.Debug|Any CPU.ActiveCfg = Debug|Any CPU
		{C0ADF8A3-CEB9-461B-8C5E-5C9D7C8BC8A8}.Debug|Any CPU.Build.0 = Debug|Any CPU
		{C0ADF8A3-CEB9-461B-8C5E-5C9D7C8BC8A8}.Debug|x64.ActiveCfg = Debug|Any CPU
		{C0ADF8A3-CEB9-461B-8C5E-5C9D7C8BC8A8}.Debug|x64.Build.0 = Debug|Any CPU
		{C0ADF8A3-CEB9-461B-8C5E-5C9D7C8BC8A8}.Release|Any CPU.ActiveCfg = Release|Any CPU
		{C0ADF8A3-CEB9-461B-8C5E-5C9D7C8BC8A8}.Release|Any CPU.Build.0 = Release|Any CPU
		{C0ADF8A3-CEB9-461B-8C5E-5C9D7C8BC8A8}.Release|x64.ActiveCfg = Release|Any CPU
		{C0ADF8A3-CEB9-461B-8C5E-5C9D7C8BC8A8}.Release|x64.Build.0 = Release|Any CPU
		{63A0589F-15B2-44BC-92BC-DDF4A8A8FD0E}.Debug|Any CPU.ActiveCfg = Debug|Any CPU
		{63A0589F-15B2-44BC-92BC-DDF4A8A8FD0E}.Debug|Any CPU.Build.0 = Debug|Any CPU
		{63A0589F-15B2-44BC-92BC-DDF4A8A8FD0E}.Debug|x64.ActiveCfg = Debug|Any CPU
		{63A0589F-15B2-44BC-92BC-DDF4A8A8FD0E}.Debug|x64.Build.0 = Debug|Any CPU
		{63A0589F-15B2-44BC-92BC-DDF4A8A8FD0E}.Release|Any CPU.ActiveCfg = Release|Any CPU
		{63A0589F-15B2-44BC-92BC-DDF4A8A8FD0E}.Release|Any CPU.Build.0 = Release|Any CPU
		{63A0589F-15B2-44BC-92BC-DDF4A8A8FD0E}.Release|x64.ActiveCfg = Release|Any CPU
		{63A0589F-15B2-44BC-92BC-DDF4A8A8FD0E}.Release|x64.Build.0 = Release|Any CPU
		{9BA69607-B60E-43E2-900B-757D9D6B3B99}.Debug|Any CPU.ActiveCfg = Debug|Any CPU
		{9BA69607-B60E-43E2-900B-757D9D6B3B99}.Debug|Any CPU.Build.0 = Debug|Any CPU
		{9BA69607-B60E-43E2-900B-757D9D6B3B99}.Debug|x64.ActiveCfg = Debug|Any CPU
		{9BA69607-B60E-43E2-900B-757D9D6B3B99}.Release|Any CPU.ActiveCfg = Release|Any CPU
		{9BA69607-B60E-43E2-900B-757D9D6B3B99}.Release|Any CPU.Build.0 = Release|Any CPU
		{9BA69607-B60E-43E2-900B-757D9D6B3B99}.Release|x64.ActiveCfg = Release|Any CPU
		{00009BE6-60EA-4E70-9099-11052ED741CB}.Debug|Any CPU.ActiveCfg = Debug|Any CPU
		{00009BE6-60EA-4E70-9099-11052ED741CB}.Debug|Any CPU.Build.0 = Debug|Any CPU
		{00009BE6-60EA-4E70-9099-11052ED741CB}.Debug|x64.ActiveCfg = Debug|Any CPU
		{00009BE6-60EA-4E70-9099-11052ED741CB}.Release|Any CPU.ActiveCfg = Release|Any CPU
		{00009BE6-60EA-4E70-9099-11052ED741CB}.Release|Any CPU.Build.0 = Release|Any CPU
		{00009BE6-60EA-4E70-9099-11052ED741CB}.Release|x64.ActiveCfg = Release|Any CPU
		{135B6A8E-A1FF-4099-A583-9E29E8B6681B}.Debug|Any CPU.ActiveCfg = Debug|Any CPU
		{135B6A8E-A1FF-4099-A583-9E29E8B6681B}.Debug|Any CPU.Build.0 = Debug|Any CPU
		{135B6A8E-A1FF-4099-A583-9E29E8B6681B}.Debug|x64.ActiveCfg = Debug|Any CPU
		{135B6A8E-A1FF-4099-A583-9E29E8B6681B}.Debug|x64.Build.0 = Debug|Any CPU
		{135B6A8E-A1FF-4099-A583-9E29E8B6681B}.Release|Any CPU.ActiveCfg = Release|Any CPU
		{135B6A8E-A1FF-4099-A583-9E29E8B6681B}.Release|Any CPU.Build.0 = Release|Any CPU
		{135B6A8E-A1FF-4099-A583-9E29E8B6681B}.Release|x64.ActiveCfg = Release|Any CPU
		{135B6A8E-A1FF-4099-A583-9E29E8B6681B}.Release|x64.Build.0 = Release|Any CPU
		{34F051A8-E92D-44E7-9580-7625566BA19B}.Debug|Any CPU.ActiveCfg = Debug|Any CPU
		{34F051A8-E92D-44E7-9580-7625566BA19B}.Debug|Any CPU.Build.0 = Debug|Any CPU
		{34F051A8-E92D-44E7-9580-7625566BA19B}.Debug|x64.ActiveCfg = Debug|Any CPU
		{34F051A8-E92D-44E7-9580-7625566BA19B}.Release|Any CPU.ActiveCfg = Release|Any CPU
		{34F051A8-E92D-44E7-9580-7625566BA19B}.Release|Any CPU.Build.0 = Release|Any CPU
		{34F051A8-E92D-44E7-9580-7625566BA19B}.Release|x64.ActiveCfg = Release|Any CPU
		{53461912-9496-414C-A45C-E7517A9438A9}.Debug|Any CPU.ActiveCfg = Debug|Any CPU
		{53461912-9496-414C-A45C-E7517A9438A9}.Debug|Any CPU.Build.0 = Debug|Any CPU
		{53461912-9496-414C-A45C-E7517A9438A9}.Debug|x64.ActiveCfg = Debug|Any CPU
		{53461912-9496-414C-A45C-E7517A9438A9}.Release|Any CPU.ActiveCfg = Release|Any CPU
		{53461912-9496-414C-A45C-E7517A9438A9}.Release|Any CPU.Build.0 = Release|Any CPU
		{53461912-9496-414C-A45C-E7517A9438A9}.Release|x64.ActiveCfg = Release|Any CPU
		{4479E94A-AE26-4195-9257-A98CCC1DFEA8}.Debug|Any CPU.ActiveCfg = Debug|Any CPU
		{4479E94A-AE26-4195-9257-A98CCC1DFEA8}.Debug|Any CPU.Build.0 = Debug|Any CPU
		{4479E94A-AE26-4195-9257-A98CCC1DFEA8}.Debug|x64.ActiveCfg = Debug|Any CPU
		{4479E94A-AE26-4195-9257-A98CCC1DFEA8}.Release|Any CPU.ActiveCfg = Release|Any CPU
		{4479E94A-AE26-4195-9257-A98CCC1DFEA8}.Release|Any CPU.Build.0 = Release|Any CPU
		{4479E94A-AE26-4195-9257-A98CCC1DFEA8}.Release|x64.ActiveCfg = Release|Any CPU
		{2A661674-0C17-4738-A049-FB42BB6DECD8}.Debug|Any CPU.ActiveCfg = Debug|Any CPU
		{2A661674-0C17-4738-A049-FB42BB6DECD8}.Debug|Any CPU.Build.0 = Debug|Any CPU
		{2A661674-0C17-4738-A049-FB42BB6DECD8}.Debug|x64.ActiveCfg = Debug|Any CPU
		{2A661674-0C17-4738-A049-FB42BB6DECD8}.Debug|x64.Build.0 = Debug|Any CPU
		{2A661674-0C17-4738-A049-FB42BB6DECD8}.Release|Any CPU.ActiveCfg = Release|Any CPU
		{2A661674-0C17-4738-A049-FB42BB6DECD8}.Release|Any CPU.Build.0 = Release|Any CPU
		{2A661674-0C17-4738-A049-FB42BB6DECD8}.Release|x64.ActiveCfg = Release|Any CPU
		{2A661674-0C17-4738-A049-FB42BB6DECD8}.Release|x64.Build.0 = Release|Any CPU
		{038A24C6-1640-4FE6-8201-213F2E82A0C2}.Debug|Any CPU.ActiveCfg = Debug|Any CPU
		{038A24C6-1640-4FE6-8201-213F2E82A0C2}.Debug|Any CPU.Build.0 = Debug|Any CPU
		{038A24C6-1640-4FE6-8201-213F2E82A0C2}.Debug|x64.ActiveCfg = Debug|Any CPU
		{038A24C6-1640-4FE6-8201-213F2E82A0C2}.Debug|x64.Build.0 = Debug|Any CPU
		{038A24C6-1640-4FE6-8201-213F2E82A0C2}.Release|Any CPU.ActiveCfg = Release|Any CPU
		{038A24C6-1640-4FE6-8201-213F2E82A0C2}.Release|Any CPU.Build.0 = Release|Any CPU
		{038A24C6-1640-4FE6-8201-213F2E82A0C2}.Release|x64.ActiveCfg = Release|Any CPU
		{038A24C6-1640-4FE6-8201-213F2E82A0C2}.Release|x64.Build.0 = Release|Any CPU
		{782FBF0F-08D2-4FFF-B0D3-CF3859C87095}.Debug|Any CPU.ActiveCfg = Debug|Any CPU
		{782FBF0F-08D2-4FFF-B0D3-CF3859C87095}.Debug|Any CPU.Build.0 = Debug|Any CPU
		{782FBF0F-08D2-4FFF-B0D3-CF3859C87095}.Debug|x64.ActiveCfg = Debug|Any CPU
		{782FBF0F-08D2-4FFF-B0D3-CF3859C87095}.Release|Any CPU.ActiveCfg = Release|Any CPU
		{782FBF0F-08D2-4FFF-B0D3-CF3859C87095}.Release|Any CPU.Build.0 = Release|Any CPU
		{782FBF0F-08D2-4FFF-B0D3-CF3859C87095}.Release|x64.ActiveCfg = Release|Any CPU
		{5F69328D-3151-41A5-B34E-7B367898C3C9}.Debug|Any CPU.ActiveCfg = Debug|Any CPU
		{5F69328D-3151-41A5-B34E-7B367898C3C9}.Debug|Any CPU.Build.0 = Debug|Any CPU
		{5F69328D-3151-41A5-B34E-7B367898C3C9}.Debug|x64.ActiveCfg = Debug|Any CPU
		{5F69328D-3151-41A5-B34E-7B367898C3C9}.Release|Any CPU.ActiveCfg = Release|Any CPU
		{5F69328D-3151-41A5-B34E-7B367898C3C9}.Release|Any CPU.Build.0 = Release|Any CPU
		{5F69328D-3151-41A5-B34E-7B367898C3C9}.Release|x64.ActiveCfg = Release|Any CPU
		{A7D29D4B-FCA5-4875-A40B-7ED8D2CDD339}.Debug|Any CPU.ActiveCfg = Debug|Any CPU
		{A7D29D4B-FCA5-4875-A40B-7ED8D2CDD339}.Debug|Any CPU.Build.0 = Debug|Any CPU
		{A7D29D4B-FCA5-4875-A40B-7ED8D2CDD339}.Debug|x64.ActiveCfg = Debug|Any CPU
		{A7D29D4B-FCA5-4875-A40B-7ED8D2CDD339}.Release|Any CPU.ActiveCfg = Release|Any CPU
		{A7D29D4B-FCA5-4875-A40B-7ED8D2CDD339}.Release|Any CPU.Build.0 = Release|Any CPU
		{A7D29D4B-FCA5-4875-A40B-7ED8D2CDD339}.Release|x64.ActiveCfg = Release|Any CPU
		{93CA1A6A-E1AE-4AC8-BE9F-D56AAD559518}.Debug|Any CPU.ActiveCfg = Debug|Any CPU
		{93CA1A6A-E1AE-4AC8-BE9F-D56AAD559518}.Debug|Any CPU.Build.0 = Debug|Any CPU
		{93CA1A6A-E1AE-4AC8-BE9F-D56AAD559518}.Debug|x64.ActiveCfg = Debug|Any CPU
		{93CA1A6A-E1AE-4AC8-BE9F-D56AAD559518}.Debug|x64.Build.0 = Debug|Any CPU
		{93CA1A6A-E1AE-4AC8-BE9F-D56AAD559518}.Release|Any CPU.ActiveCfg = Release|Any CPU
		{93CA1A6A-E1AE-4AC8-BE9F-D56AAD559518}.Release|Any CPU.Build.0 = Release|Any CPU
		{93CA1A6A-E1AE-4AC8-BE9F-D56AAD559518}.Release|x64.ActiveCfg = Release|Any CPU
		{93CA1A6A-E1AE-4AC8-BE9F-D56AAD559518}.Release|x64.Build.0 = Release|Any CPU
		{5823DC4C-EC36-4465-8057-614F0DE4CBAB}.Debug|Any CPU.ActiveCfg = Debug|Any CPU
		{5823DC4C-EC36-4465-8057-614F0DE4CBAB}.Debug|Any CPU.Build.0 = Debug|Any CPU
		{5823DC4C-EC36-4465-8057-614F0DE4CBAB}.Debug|x64.ActiveCfg = Debug|Any CPU
		{5823DC4C-EC36-4465-8057-614F0DE4CBAB}.Debug|x64.Build.0 = Debug|Any CPU
		{5823DC4C-EC36-4465-8057-614F0DE4CBAB}.Release|Any CPU.ActiveCfg = Release|Any CPU
		{5823DC4C-EC36-4465-8057-614F0DE4CBAB}.Release|Any CPU.Build.0 = Release|Any CPU
		{5823DC4C-EC36-4465-8057-614F0DE4CBAB}.Release|x64.ActiveCfg = Release|Any CPU
		{5823DC4C-EC36-4465-8057-614F0DE4CBAB}.Release|x64.Build.0 = Release|Any CPU
		{A4F4FA89-B646-4054-A2E9-4F6EF8B35BEF}.Debug|Any CPU.ActiveCfg = Debug|Any CPU
		{A4F4FA89-B646-4054-A2E9-4F6EF8B35BEF}.Debug|Any CPU.Build.0 = Debug|Any CPU
		{A4F4FA89-B646-4054-A2E9-4F6EF8B35BEF}.Debug|x64.ActiveCfg = Debug|Any CPU
		{A4F4FA89-B646-4054-A2E9-4F6EF8B35BEF}.Release|Any CPU.ActiveCfg = Release|Any CPU
		{A4F4FA89-B646-4054-A2E9-4F6EF8B35BEF}.Release|Any CPU.Build.0 = Release|Any CPU
		{A4F4FA89-B646-4054-A2E9-4F6EF8B35BEF}.Release|x64.ActiveCfg = Release|Any CPU
		{D8CFDF66-0851-4FE5-A6D9-55B28098C1F9}.Debug|Any CPU.ActiveCfg = Debug|Any CPU
		{D8CFDF66-0851-4FE5-A6D9-55B28098C1F9}.Debug|Any CPU.Build.0 = Debug|Any CPU
		{D8CFDF66-0851-4FE5-A6D9-55B28098C1F9}.Debug|x64.ActiveCfg = Debug|Any CPU
		{D8CFDF66-0851-4FE5-A6D9-55B28098C1F9}.Release|Any CPU.ActiveCfg = Release|Any CPU
		{D8CFDF66-0851-4FE5-A6D9-55B28098C1F9}.Release|Any CPU.Build.0 = Release|Any CPU
		{D8CFDF66-0851-4FE5-A6D9-55B28098C1F9}.Release|x64.ActiveCfg = Release|Any CPU
		{2CD13083-B6BD-4A23-A72D-EC3A1104DD0A}.Debug|Any CPU.ActiveCfg = Debug|Any CPU
		{2CD13083-B6BD-4A23-A72D-EC3A1104DD0A}.Debug|Any CPU.Build.0 = Debug|Any CPU
		{2CD13083-B6BD-4A23-A72D-EC3A1104DD0A}.Debug|x64.ActiveCfg = Debug|Any CPU
		{2CD13083-B6BD-4A23-A72D-EC3A1104DD0A}.Release|Any CPU.ActiveCfg = Release|Any CPU
		{2CD13083-B6BD-4A23-A72D-EC3A1104DD0A}.Release|Any CPU.Build.0 = Release|Any CPU
		{2CD13083-B6BD-4A23-A72D-EC3A1104DD0A}.Release|x64.ActiveCfg = Release|Any CPU
		{CC8ACC7E-DB73-44C2-92E6-EE79FB739BF3}.Debug|Any CPU.ActiveCfg = Debug|Any CPU
		{CC8ACC7E-DB73-44C2-92E6-EE79FB739BF3}.Debug|Any CPU.Build.0 = Debug|Any CPU
		{CC8ACC7E-DB73-44C2-92E6-EE79FB739BF3}.Debug|x64.ActiveCfg = Debug|Any CPU
		{CC8ACC7E-DB73-44C2-92E6-EE79FB739BF3}.Release|Any CPU.ActiveCfg = Release|Any CPU
		{CC8ACC7E-DB73-44C2-92E6-EE79FB739BF3}.Release|Any CPU.Build.0 = Release|Any CPU
		{CC8ACC7E-DB73-44C2-92E6-EE79FB739BF3}.Release|x64.ActiveCfg = Release|Any CPU
		{394BF769-F534-4DE7-8324-E08FBA921E08}.Debug|Any CPU.ActiveCfg = Debug|Any CPU
		{394BF769-F534-4DE7-8324-E08FBA921E08}.Debug|Any CPU.Build.0 = Debug|Any CPU
		{394BF769-F534-4DE7-8324-E08FBA921E08}.Debug|x64.ActiveCfg = Debug|Any CPU
		{394BF769-F534-4DE7-8324-E08FBA921E08}.Release|Any CPU.ActiveCfg = Release|Any CPU
		{394BF769-F534-4DE7-8324-E08FBA921E08}.Release|Any CPU.Build.0 = Release|Any CPU
		{394BF769-F534-4DE7-8324-E08FBA921E08}.Release|x64.ActiveCfg = Release|Any CPU
		{18E3758C-3CF0-4D4E-9469-8255ADD9DC48}.Debug|Any CPU.ActiveCfg = Debug|Any CPU
		{18E3758C-3CF0-4D4E-9469-8255ADD9DC48}.Debug|Any CPU.Build.0 = Debug|Any CPU
		{18E3758C-3CF0-4D4E-9469-8255ADD9DC48}.Debug|x64.ActiveCfg = Debug|Any CPU
		{18E3758C-3CF0-4D4E-9469-8255ADD9DC48}.Release|Any CPU.ActiveCfg = Release|Any CPU
		{18E3758C-3CF0-4D4E-9469-8255ADD9DC48}.Release|Any CPU.Build.0 = Release|Any CPU
		{18E3758C-3CF0-4D4E-9469-8255ADD9DC48}.Release|x64.ActiveCfg = Release|Any CPU
		{D6E53FA5-15BF-4814-B3A9-DE8FD3EA630B}.Debug|Any CPU.ActiveCfg = Debug|Any CPU
		{D6E53FA5-15BF-4814-B3A9-DE8FD3EA630B}.Debug|Any CPU.Build.0 = Debug|Any CPU
		{D6E53FA5-15BF-4814-B3A9-DE8FD3EA630B}.Debug|x64.ActiveCfg = Debug|Any CPU
		{D6E53FA5-15BF-4814-B3A9-DE8FD3EA630B}.Release|Any CPU.ActiveCfg = Release|Any CPU
		{D6E53FA5-15BF-4814-B3A9-DE8FD3EA630B}.Release|Any CPU.Build.0 = Release|Any CPU
		{D6E53FA5-15BF-4814-B3A9-DE8FD3EA630B}.Release|x64.ActiveCfg = Release|Any CPU
		{D412843D-C381-4280-8223-8D098087C253}.Debug|Any CPU.ActiveCfg = Debug|Any CPU
		{D412843D-C381-4280-8223-8D098087C253}.Debug|Any CPU.Build.0 = Debug|Any CPU
		{D412843D-C381-4280-8223-8D098087C253}.Debug|x64.ActiveCfg = Debug|Any CPU
		{D412843D-C381-4280-8223-8D098087C253}.Release|Any CPU.ActiveCfg = Release|Any CPU
		{D412843D-C381-4280-8223-8D098087C253}.Release|Any CPU.Build.0 = Release|Any CPU
		{D412843D-C381-4280-8223-8D098087C253}.Release|x64.ActiveCfg = Release|Any CPU
		{8FAAFE94-EBEA-457D-899F-798C313AF0D0}.Debug|Any CPU.ActiveCfg = Debug|Any CPU
		{8FAAFE94-EBEA-457D-899F-798C313AF0D0}.Debug|Any CPU.Build.0 = Debug|Any CPU
		{8FAAFE94-EBEA-457D-899F-798C313AF0D0}.Debug|x64.ActiveCfg = Debug|Any CPU
		{8FAAFE94-EBEA-457D-899F-798C313AF0D0}.Release|Any CPU.ActiveCfg = Release|Any CPU
		{8FAAFE94-EBEA-457D-899F-798C313AF0D0}.Release|Any CPU.Build.0 = Release|Any CPU
		{8FAAFE94-EBEA-457D-899F-798C313AF0D0}.Release|x64.ActiveCfg = Release|Any CPU
		{6C0E915E-B018-471B-812A-37B1CD9983E8}.Debug|Any CPU.ActiveCfg = Debug|Any CPU
		{6C0E915E-B018-471B-812A-37B1CD9983E8}.Debug|Any CPU.Build.0 = Debug|Any CPU
		{6C0E915E-B018-471B-812A-37B1CD9983E8}.Debug|x64.ActiveCfg = Debug|Any CPU
		{6C0E915E-B018-471B-812A-37B1CD9983E8}.Debug|x64.Build.0 = Debug|Any CPU
		{6C0E915E-B018-471B-812A-37B1CD9983E8}.Release|Any CPU.ActiveCfg = Release|Any CPU
		{6C0E915E-B018-471B-812A-37B1CD9983E8}.Release|Any CPU.Build.0 = Release|Any CPU
		{6C0E915E-B018-471B-812A-37B1CD9983E8}.Release|x64.ActiveCfg = Release|Any CPU
		{6C0E915E-B018-471B-812A-37B1CD9983E8}.Release|x64.Build.0 = Release|Any CPU
	EndGlobalSection
	GlobalSection(SolutionProperties) = preSolution
		HideSolutionNode = FALSE
	EndGlobalSection
	GlobalSection(NestedProjects) = preSolution
		{C0ADF8A3-CEB9-461B-8C5E-5C9D7C8BC8A8} = {1ACDAEB2-0336-4961-8E64-01F603676EBF}
		{63A0589F-15B2-44BC-92BC-DDF4A8A8FD0E} = {DD2BBC17-5D9F-4D97-8BDD-ECB56FEC7966}
		{9BA69607-B60E-43E2-900B-757D9D6B3B99} = {5B8FF521-07B7-4075-8182-E375E8F2A9C2}
		{00009BE6-60EA-4E70-9099-11052ED741CB} = {5B8FF521-07B7-4075-8182-E375E8F2A9C2}
		{135B6A8E-A1FF-4099-A583-9E29E8B6681B} = {64FF7DD8-BC05-4316-8E0B-514666541477}
		{34F051A8-E92D-44E7-9580-7625566BA19B} = {64FF7DD8-BC05-4316-8E0B-514666541477}
		{53461912-9496-414C-A45C-E7517A9438A9} = {64FF7DD8-BC05-4316-8E0B-514666541477}
		{4479E94A-AE26-4195-9257-A98CCC1DFEA8} = {64FF7DD8-BC05-4316-8E0B-514666541477}
		{2A661674-0C17-4738-A049-FB42BB6DECD8} = {64FF7DD8-BC05-4316-8E0B-514666541477}
		{038A24C6-1640-4FE6-8201-213F2E82A0C2} = {64FF7DD8-BC05-4316-8E0B-514666541477}
		{782FBF0F-08D2-4FFF-B0D3-CF3859C87095} = {5B8FF521-07B7-4075-8182-E375E8F2A9C2}
		{5F69328D-3151-41A5-B34E-7B367898C3C9} = {5B8FF521-07B7-4075-8182-E375E8F2A9C2}
		{A7D29D4B-FCA5-4875-A40B-7ED8D2CDD339} = {5B8FF521-07B7-4075-8182-E375E8F2A9C2}
		{93CA1A6A-E1AE-4AC8-BE9F-D56AAD559518} = {64FF7DD8-BC05-4316-8E0B-514666541477}
		{5823DC4C-EC36-4465-8057-614F0DE4CBAB} = {64FF7DD8-BC05-4316-8E0B-514666541477}
		{A4F4FA89-B646-4054-A2E9-4F6EF8B35BEF} = {64FF7DD8-BC05-4316-8E0B-514666541477}
		{D8CFDF66-0851-4FE5-A6D9-55B28098C1F9} = {64FF7DD8-BC05-4316-8E0B-514666541477}
		{2CD13083-B6BD-4A23-A72D-EC3A1104DD0A} = {64FF7DD8-BC05-4316-8E0B-514666541477}
		{CC8ACC7E-DB73-44C2-92E6-EE79FB739BF3} = {64FF7DD8-BC05-4316-8E0B-514666541477}
		{394BF769-F534-4DE7-8324-E08FBA921E08} = {64FF7DD8-BC05-4316-8E0B-514666541477}
		{18E3758C-3CF0-4D4E-9469-8255ADD9DC48} = {64FF7DD8-BC05-4316-8E0B-514666541477}
		{D6E53FA5-15BF-4814-B3A9-DE8FD3EA630B} = {64FF7DD8-BC05-4316-8E0B-514666541477}
		{D412843D-C381-4280-8223-8D098087C253} = {64FF7DD8-BC05-4316-8E0B-514666541477}
		{8FAAFE94-EBEA-457D-899F-798C313AF0D0} = {64FF7DD8-BC05-4316-8E0B-514666541477}
		{6C0E915E-B018-471B-812A-37B1CD9983E8} = {5B8FF521-07B7-4075-8182-E375E8F2A9C2}
	EndGlobalSection
	GlobalSection(ExtensibilityGlobals) = postSolution
		SolutionGuid = {C40AE0A9-5DDF-47D0-9D5C-FE962C0BEECD}
	EndGlobalSection
EndGlobal
